// !$*UTF8*$!
{
	archiveVersion = 1;
	classes = {
	};
	objectVersion = 50;
	objects = {

/* Begin PBXBuildFile section */
		3D61AF9821263688005495F5 /* Constants.swift in Sources */ = {isa = PBXBuildFile; fileRef = 3D61AF9721263688005495F5 /* Constants.swift */; };
		3D61AF9A21263690005495F5 /* YelpClient.swift in Sources */ = {isa = PBXBuildFile; fileRef = 3D61AF9921263690005495F5 /* YelpClient.swift */; };
		3D61AF9C21263695005495F5 /* YelpRequest.swift in Sources */ = {isa = PBXBuildFile; fileRef = 3D61AF9B21263695005495F5 /* YelpRequest.swift */; };
		3D61AF9E2126369A005495F5 /* YelpBarService.swift in Sources */ = {isa = PBXBuildFile; fileRef = 3D61AF9D2126369A005495F5 /* YelpBarService.swift */; };
		3DE188FB2123910600B087B0 /* Data Model.swift in Sources */ = {isa = PBXBuildFile; fileRef = 3DE188FA2123910600B087B0 /* Data Model.swift */; };
		3DE188FD2123968400B087B0 /* SearchVC.swift in Sources */ = {isa = PBXBuildFile; fileRef = 3DE188FC2123968400B087B0 /* SearchVC.swift */; };
		3DEB9F24211A5BC3004ED439 /* AppDelegate.swift in Sources */ = {isa = PBXBuildFile; fileRef = 3DEB9F23211A5BC3004ED439 /* AppDelegate.swift */; };
		3DEB9F29211A5BC3004ED439 /* Main.storyboard in Resources */ = {isa = PBXBuildFile; fileRef = 3DEB9F27211A5BC3004ED439 /* Main.storyboard */; };
		3DEB9F2B211A5BC4004ED439 /* Assets.xcassets in Resources */ = {isa = PBXBuildFile; fileRef = 3DEB9F2A211A5BC4004ED439 /* Assets.xcassets */; };
		3DEB9F2E211A5BC4004ED439 /* LaunchScreen.storyboard in Resources */ = {isa = PBXBuildFile; fileRef = 3DEB9F2C211A5BC4004ED439 /* LaunchScreen.storyboard */; };
		3DEB9F36211A6369004ED439 /* MyFavoritesList.swift in Sources */ = {isa = PBXBuildFile; fileRef = 3DEB9F35211A6369004ED439 /* MyFavoritesList.swift */; };
		3DF994B12126442700DB4B84 /* RestaurantCell.swift in Sources */ = {isa = PBXBuildFile; fileRef = 3DF994AF2126442700DB4B84 /* RestaurantCell.swift */; };
		3DF994B22126442700DB4B84 /* RestaurantCell.xib in Resources */ = {isa = PBXBuildFile; fileRef = 3DF994B02126442700DB4B84 /* RestaurantCell.xib */; };
		3DF994B421264D2A00DB4B84 /* ResultsVC.swift in Sources */ = {isa = PBXBuildFile; fileRef = 3DF994B321264D2A00DB4B84 /* ResultsVC.swift */; };
/* End PBXBuildFile section */

/* Begin PBXFileReference section */
		3D61AF9721263688005495F5 /* Constants.swift */ = {isa = PBXFileReference; fileEncoding = 4; lastKnownFileType = sourcecode.swift; path = Constants.swift; sourceTree = "<group>"; };
		3D61AF9921263690005495F5 /* YelpClient.swift */ = {isa = PBXFileReference; fileEncoding = 4; lastKnownFileType = sourcecode.swift; path = YelpClient.swift; sourceTree = "<group>"; };
		3D61AF9B21263695005495F5 /* YelpRequest.swift */ = {isa = PBXFileReference; fileEncoding = 4; lastKnownFileType = sourcecode.swift; path = YelpRequest.swift; sourceTree = "<group>"; };
		3D61AF9D2126369A005495F5 /* YelpBarService.swift */ = {isa = PBXFileReference; fileEncoding = 4; lastKnownFileType = sourcecode.swift; path = YelpBarService.swift; sourceTree = "<group>"; };
		3DE188FA2123910600B087B0 /* Data Model.swift */ = {isa = PBXFileReference; lastKnownFileType = sourcecode.swift; path = "Data Model.swift"; sourceTree = "<group>"; };
		3DE188FC2123968400B087B0 /* SearchVC.swift */ = {isa = PBXFileReference; lastKnownFileType = sourcecode.swift; path = SearchVC.swift; sourceTree = "<group>"; };
		3DEB9F20211A5BC3004ED439 /* My Favorite Restaurants App.app */ = {isa = PBXFileReference; explicitFileType = wrapper.application; includeInIndex = 0; path = "My Favorite Restaurants App.app"; sourceTree = BUILT_PRODUCTS_DIR; };
		3DEB9F23211A5BC3004ED439 /* AppDelegate.swift */ = {isa = PBXFileReference; lastKnownFileType = sourcecode.swift; path = AppDelegate.swift; sourceTree = "<group>"; };
		3DEB9F28211A5BC3004ED439 /* Base */ = {isa = PBXFileReference; lastKnownFileType = file.storyboard; name = Base; path = Base.lproj/Main.storyboard; sourceTree = "<group>"; };
		3DEB9F2A211A5BC4004ED439 /* Assets.xcassets */ = {isa = PBXFileReference; lastKnownFileType = folder.assetcatalog; path = Assets.xcassets; sourceTree = "<group>"; };
		3DEB9F2D211A5BC4004ED439 /* Base */ = {isa = PBXFileReference; lastKnownFileType = file.storyboard; name = Base; path = Base.lproj/LaunchScreen.storyboard; sourceTree = "<group>"; };
		3DEB9F2F211A5BC4004ED439 /* Info.plist */ = {isa = PBXFileReference; lastKnownFileType = text.plist.xml; path = Info.plist; sourceTree = "<group>"; };
		3DEB9F35211A6369004ED439 /* MyFavoritesList.swift */ = {isa = PBXFileReference; lastKnownFileType = sourcecode.swift; path = MyFavoritesList.swift; sourceTree = "<group>"; };
		3DF994AF2126442700DB4B84 /* RestaurantCell.swift */ = {isa = PBXFileReference; lastKnownFileType = sourcecode.swift; path = RestaurantCell.swift; sourceTree = "<group>"; };
		3DF994B02126442700DB4B84 /* RestaurantCell.xib */ = {isa = PBXFileReference; lastKnownFileType = file.xib; path = RestaurantCell.xib; sourceTree = "<group>"; };
		3DF994B321264D2A00DB4B84 /* ResultsVC.swift */ = {isa = PBXFileReference; lastKnownFileType = sourcecode.swift; path = ResultsVC.swift; sourceTree = "<group>"; };
/* End PBXFileReference section */

/* Begin PBXFrameworksBuildPhase section */
		3DEB9F1D211A5BC3004ED439 /* Frameworks */ = {
			isa = PBXFrameworksBuildPhase;
			buildActionMask = 2147483647;
			files = (
			);
			runOnlyForDeploymentPostprocessing = 0;
		};
/* End PBXFrameworksBuildPhase section */

/* Begin PBXGroup section */
		3D61AFA021263F6B005495F5 /* Yelp API */ = {
			isa = PBXGroup;
			children = (
				3D61AF9721263688005495F5 /* Constants.swift */,
				3D61AF9921263690005495F5 /* YelpClient.swift */,
				3D61AF9B21263695005495F5 /* YelpRequest.swift */,
				3D61AF9D2126369A005495F5 /* YelpBarService.swift */,
			);
			path = "Yelp API";
			sourceTree = "<group>";
		};
		3DEB9F17211A5BC3004ED439 = {
			isa = PBXGroup;
			children = (
				3DEB9F22211A5BC3004ED439 /* My Favorite Restaurants App */,
				3DEB9F21211A5BC3004ED439 /* Products */,
			);
			sourceTree = "<group>";
		};
		3DEB9F21211A5BC3004ED439 /* Products */ = {
			isa = PBXGroup;
			children = (
				3DEB9F20211A5BC3004ED439 /* My Favorite Restaurants App.app */,
			);
			name = Products;
			sourceTree = "<group>";
		};
		3DEB9F22211A5BC3004ED439 /* My Favorite Restaurants App */ = {
			isa = PBXGroup;
			children = (
				3DEB9F23211A5BC3004ED439 /* AppDelegate.swift */,
				3DEB9F27211A5BC3004ED439 /* Main.storyboard */,
				3DF994AF2126442700DB4B84 /* RestaurantCell.swift */,
				3DF994B321264D2A00DB4B84 /* ResultsVC.swift */,
				3DF994B02126442700DB4B84 /* RestaurantCell.xib */,
				3DEB9F35211A6369004ED439 /* MyFavoritesList.swift */,
				3DE188FA2123910600B087B0 /* Data Model.swift */,
				3DE188FC2123968400B087B0 /* SearchVC.swift */,
				3D61AFA021263F6B005495F5 /* Yelp API */,
				3DEB9F2A211A5BC4004ED439 /* Assets.xcassets */,
				3DEB9F2C211A5BC4004ED439 /* LaunchScreen.storyboard */,
				3DEB9F2F211A5BC4004ED439 /* Info.plist */,
			);
			path = "My Favorite Restaurants App";
			sourceTree = "<group>";
		};
/* End PBXGroup section */

/* Begin PBXNativeTarget section */
		3DEB9F1F211A5BC3004ED439 /* My Favorite Restaurants App */ = {
			isa = PBXNativeTarget;
			buildConfigurationList = 3DEB9F32211A5BC4004ED439 /* Build configuration list for PBXNativeTarget "My Favorite Restaurants App" */;
			buildPhases = (
				3DEB9F1C211A5BC3004ED439 /* Sources */,
				3DEB9F1D211A5BC3004ED439 /* Frameworks */,
				3DEB9F1E211A5BC3004ED439 /* Resources */,
			);
			buildRules = (
			);
			dependencies = (
			);
			name = "My Favorite Restaurants App";
			productName = "My Favorite Restaurants App";
			productReference = 3DEB9F20211A5BC3004ED439 /* My Favorite Restaurants App.app */;
			productType = "com.apple.product-type.application";
		};
/* End PBXNativeTarget section */

/* Begin PBXProject section */
		3DEB9F18211A5BC3004ED439 /* Project object */ = {
			isa = PBXProject;
			attributes = {
				LastSwiftUpdateCheck = 0940;
				LastUpgradeCheck = 0940;
				ORGANIZATIONNAME = "West Kraemer";
				TargetAttributes = {
					3DEB9F1F211A5BC3004ED439 = {
						CreatedOnToolsVersion = 9.4.1;
					};
				};
			};
			buildConfigurationList = 3DEB9F1B211A5BC3004ED439 /* Build configuration list for PBXProject "My Favorite Restaurants App" */;
			compatibilityVersion = "Xcode 9.3";
			developmentRegion = en;
			hasScannedForEncodings = 0;
			knownRegions = (
				en,
				Base,
			);
			mainGroup = 3DEB9F17211A5BC3004ED439;
			productRefGroup = 3DEB9F21211A5BC3004ED439 /* Products */;
			projectDirPath = "";
			projectRoot = "";
			targets = (
				3DEB9F1F211A5BC3004ED439 /* My Favorite Restaurants App */,
			);
		};
/* End PBXProject section */

/* Begin PBXResourcesBuildPhase section */
		3DEB9F1E211A5BC3004ED439 /* Resources */ = {
			isa = PBXResourcesBuildPhase;
			buildActionMask = 2147483647;
			files = (
				3DF994B22126442700DB4B84 /* RestaurantCell.xib in Resources */,
				3DEB9F2E211A5BC4004ED439 /* LaunchScreen.storyboard in Resources */,
				3DEB9F2B211A5BC4004ED439 /* Assets.xcassets in Resources */,
				3DEB9F29211A5BC3004ED439 /* Main.storyboard in Resources */,
			);
			runOnlyForDeploymentPostprocessing = 0;
		};
/* End PBXResourcesBuildPhase section */

/* Begin PBXSourcesBuildPhase section */
		3DEB9F1C211A5BC3004ED439 /* Sources */ = {
			isa = PBXSourcesBuildPhase;
			buildActionMask = 2147483647;
			files = (
				3DF994B12126442700DB4B84 /* RestaurantCell.swift in Sources */,
				3D61AF9C21263695005495F5 /* YelpRequest.swift in Sources */,
				3D61AF9821263688005495F5 /* Constants.swift in Sources */,
				3DF994B421264D2A00DB4B84 /* ResultsVC.swift in Sources */,
				3DE188FD2123968400B087B0 /* SearchVC.swift in Sources */,
				3DEB9F24211A5BC3004ED439 /* AppDelegate.swift in Sources */,
				3DEB9F36211A6369004ED439 /* MyFavoritesList.swift in Sources */,
				3D61AF9A21263690005495F5 /* YelpClient.swift in Sources */,
				3DE188FB2123910600B087B0 /* Data Model.swift in Sources */,
				3D61AF9E2126369A005495F5 /* YelpBarService.swift in Sources */,
			);
			runOnlyForDeploymentPostprocessing = 0;
		};
/* End PBXSourcesBuildPhase section */

/* Begin PBXVariantGroup section */
		3DEB9F27211A5BC3004ED439 /* Main.storyboard */ = {
			isa = PBXVariantGroup;
			children = (
				3DEB9F28211A5BC3004ED439 /* Base */,
			);
			name = Main.storyboard;
			sourceTree = "<group>";
		};
		3DEB9F2C211A5BC4004ED439 /* LaunchScreen.storyboard */ = {
			isa = PBXVariantGroup;
			children = (
				3DEB9F2D211A5BC4004ED439 /* Base */,
			);
			name = LaunchScreen.storyboard;
			sourceTree = "<group>";
		};
/* End PBXVariantGroup section */

/* Begin XCBuildConfiguration section */
		3DEB9F30211A5BC4004ED439 /* Debug */ = {
			isa = XCBuildConfiguration;
			buildSettings = {
				ALWAYS_SEARCH_USER_PATHS = NO;
				CLANG_ANALYZER_NONNULL = YES;
				CLANG_ANALYZER_NUMBER_OBJECT_CONVERSION = YES_AGGRESSIVE;
				CLANG_CXX_LANGUAGE_STANDARD = "gnu++14";
				CLANG_CXX_LIBRARY = "libc++";
				CLANG_ENABLE_MODULES = YES;
				CLANG_ENABLE_OBJC_ARC = YES;
				CLANG_ENABLE_OBJC_WEAK = YES;
				CLANG_WARN_BLOCK_CAPTURE_AUTORELEASING = YES;
				CLANG_WARN_BOOL_CONVERSION = YES;
				CLANG_WARN_COMMA = YES;
				CLANG_WARN_CONSTANT_CONVERSION = YES;
				CLANG_WARN_DEPRECATED_OBJC_IMPLEMENTATIONS = YES;
				CLANG_WARN_DIRECT_OBJC_ISA_USAGE = YES_ERROR;
				CLANG_WARN_DOCUMENTATION_COMMENTS = YES;
				CLANG_WARN_EMPTY_BODY = YES;
				CLANG_WARN_ENUM_CONVERSION = YES;
				CLANG_WARN_INFINITE_RECURSION = YES;
				CLANG_WARN_INT_CONVERSION = YES;
				CLANG_WARN_NON_LITERAL_NULL_CONVERSION = YES;
				CLANG_WARN_OBJC_IMPLICIT_RETAIN_SELF = YES;
				CLANG_WARN_OBJC_LITERAL_CONVERSION = YES;
				CLANG_WARN_OBJC_ROOT_CLASS = YES_ERROR;
				CLANG_WARN_RANGE_LOOP_ANALYSIS = YES;
				CLANG_WARN_STRICT_PROTOTYPES = YES;
				CLANG_WARN_SUSPICIOUS_MOVE = YES;
				CLANG_WARN_UNGUARDED_AVAILABILITY = YES_AGGRESSIVE;
				CLANG_WARN_UNREACHABLE_CODE = YES;
				CLANG_WARN__DUPLICATE_METHOD_MATCH = YES;
				CODE_SIGN_IDENTITY = "iPhone Developer";
				COPY_PHASE_STRIP = NO;
				DEBUG_INFORMATION_FORMAT = dwarf;
				ENABLE_STRICT_OBJC_MSGSEND = YES;
				ENABLE_TESTABILITY = YES;
				GCC_C_LANGUAGE_STANDARD = gnu11;
				GCC_DYNAMIC_NO_PIC = NO;
				GCC_NO_COMMON_BLOCKS = YES;
				GCC_OPTIMIZATION_LEVEL = 0;
				GCC_PREPROCESSOR_DEFINITIONS = (
					"DEBUG=1",
					"$(inherited)",
				);
				GCC_WARN_64_TO_32_BIT_CONVERSION = YES;
				GCC_WARN_ABOUT_RETURN_TYPE = YES_ERROR;
				GCC_WARN_UNDECLARED_SELECTOR = YES;
				GCC_WARN_UNINITIALIZED_AUTOS = YES_AGGRESSIVE;
				GCC_WARN_UNUSED_FUNCTION = YES;
				GCC_WARN_UNUSED_VARIABLE = YES;
				IPHONEOS_DEPLOYMENT_TARGET = 11.4;
				MTL_ENABLE_DEBUG_INFO = YES;
				ONLY_ACTIVE_ARCH = YES;
				SDKROOT = iphoneos;
				SWIFT_ACTIVE_COMPILATION_CONDITIONS = DEBUG;
				SWIFT_OPTIMIZATION_LEVEL = "-Onone";
			};
			name = Debug;
		};
		3DEB9F31211A5BC4004ED439 /* Release */ = {
			isa = XCBuildConfiguration;
			buildSettings = {
				ALWAYS_SEARCH_USER_PATHS = NO;
				CLANG_ANALYZER_NONNULL = YES;
				CLANG_ANALYZER_NUMBER_OBJECT_CONVERSION = YES_AGGRESSIVE;
				CLANG_CXX_LANGUAGE_STANDARD = "gnu++14";
				CLANG_CXX_LIBRARY = "libc++";
				CLANG_ENABLE_MODULES = YES;
				CLANG_ENABLE_OBJC_ARC = YES;
				CLANG_ENABLE_OBJC_WEAK = YES;
				CLANG_WARN_BLOCK_CAPTURE_AUTORELEASING = YES;
				CLANG_WARN_BOOL_CONVERSION = YES;
				CLANG_WARN_COMMA = YES;
				CLANG_WARN_CONSTANT_CONVERSION = YES;
				CLANG_WARN_DEPRECATED_OBJC_IMPLEMENTATIONS = YES;
				CLANG_WARN_DIRECT_OBJC_ISA_USAGE = YES_ERROR;
				CLANG_WARN_DOCUMENTATION_COMMENTS = YES;
				CLANG_WARN_EMPTY_BODY = YES;
				CLANG_WARN_ENUM_CONVERSION = YES;
				CLANG_WARN_INFINITE_RECURSION = YES;
				CLANG_WARN_INT_CONVERSION = YES;
				CLANG_WARN_NON_LITERAL_NULL_CONVERSION = YES;
				CLANG_WARN_OBJC_IMPLICIT_RETAIN_SELF = YES;
				CLANG_WARN_OBJC_LITERAL_CONVERSION = YES;
				CLANG_WARN_OBJC_ROOT_CLASS = YES_ERROR;
				CLANG_WARN_RANGE_LOOP_ANALYSIS = YES;
				CLANG_WARN_STRICT_PROTOTYPES = YES;
				CLANG_WARN_SUSPICIOUS_MOVE = YES;
				CLANG_WARN_UNGUARDED_AVAILABILITY = YES_AGGRESSIVE;
				CLANG_WARN_UNREACHABLE_CODE = YES;
				CLANG_WARN__DUPLICATE_METHOD_MATCH = YES;
				CODE_SIGN_IDENTITY = "iPhone Developer";
				COPY_PHASE_STRIP = NO;
				DEBUG_INFORMATION_FORMAT = "dwarf-with-dsym";
				ENABLE_NS_ASSERTIONS = NO;
				ENABLE_STRICT_OBJC_MSGSEND = YES;
				GCC_C_LANGUAGE_STANDARD = gnu11;
				GCC_NO_COMMON_BLOCKS = YES;
				GCC_WARN_64_TO_32_BIT_CONVERSION = YES;
				GCC_WARN_ABOUT_RETURN_TYPE = YES_ERROR;
				GCC_WARN_UNDECLARED_SELECTOR = YES;
				GCC_WARN_UNINITIALIZED_AUTOS = YES_AGGRESSIVE;
				GCC_WARN_UNUSED_FUNCTION = YES;
				GCC_WARN_UNUSED_VARIABLE = YES;
				IPHONEOS_DEPLOYMENT_TARGET = 11.4;
				MTL_ENABLE_DEBUG_INFO = NO;
				SDKROOT = iphoneos;
				SWIFT_COMPILATION_MODE = wholemodule;
				SWIFT_OPTIMIZATION_LEVEL = "-O";
				VALIDATE_PRODUCT = YES;
			};
			name = Release;
		};
		3DEB9F33211A5BC4004ED439 /* Debug */ = {
			isa = XCBuildConfiguration;
			buildSettings = {
				ASSETCATALOG_COMPILER_APPICON_NAME = AppIcon;
				CODE_SIGN_STYLE = Automatic;
				INFOPLIST_FILE = "My Favorite Restaurants App/Info.plist";
				LD_RUNPATH_SEARCH_PATHS = (
					"$(inherited)",
					"@executable_path/Frameworks",
				);
				PRODUCT_BUNDLE_IDENTIFIER = "west.My-Favorite-Restaurants-App";
				PRODUCT_NAME = "$(TARGET_NAME)";
				SWIFT_VERSION = 4.0;
				TARGETED_DEVICE_FAMILY = "1,2";
			};
			name = Debug;
		};
		3DEB9F34211A5BC4004ED439 /* Release */ = {
			isa = XCBuildConfiguration;
			buildSettings = {
				ASSETCATALOG_COMPILER_APPICON_NAME = AppIcon;
				CODE_SIGN_STYLE = Automatic;
				INFOPLIST_FILE = "My Favorite Restaurants App/Info.plist";
				LD_RUNPATH_SEARCH_PATHS = (
					"$(inherited)",
					"@executable_path/Frameworks",
				);
				PRODUCT_BUNDLE_IDENTIFIER = "west.My-Favorite-Restaurants-App";
				PRODUCT_NAME = "$(TARGET_NAME)";
				SWIFT_VERSION = 4.0;
				TARGETED_DEVICE_FAMILY = "1,2";
			};
			name = Release;
		};
/* End XCBuildConfiguration section */

/* Begin XCConfigurationList section */
		3DEB9F1B211A5BC3004ED439 /* Build configuration list for PBXProject "My Favorite Restaurants App" */ = {
			isa = XCConfigurationList;
			buildConfigurations = (
				3DEB9F30211A5BC4004ED439 /* Debug */,
				3DEB9F31211A5BC4004ED439 /* Release */,
			);
			defaultConfigurationIsVisible = 0;
			defaultConfigurationName = Release;
		};
		3DEB9F32211A5BC4004ED439 /* Build configuration list for PBXNativeTarget "My Favorite Restaurants App" */ = {
			isa = XCConfigurationList;
			buildConfigurations = (
				3DEB9F33211A5BC4004ED439 /* Debug */,
				3DEB9F34211A5BC4004ED439 /* Release */,
			);
			defaultConfigurationIsVisible = 0;
			defaultConfigurationName = Release;
		};
/* End XCConfigurationList section */
	};
	rootObject = 3DEB9F18211A5BC3004ED439 /* Project object */;
}
